{
  "name": "mongo-typescript-def",
  "version": "1.0.0",
  "lockfileVersion": 1,
  "requires": true,
  "dependencies": {
    "@types/bson": {
      "version": "1.0.3",
      "resolved": "https://registry.npmjs.org/@types/bson/-/bson-1.0.3.tgz",
      "integrity": "sha1-bCbwh2v52Muwbt1AGeKTVL86A+A=",
      "dev": true,
      "requires": {
        "@types/node": "8.0.17"
      }
    },
    "@types/node": {
      "version": "8.0.17",
      "resolved": "https://registry.npmjs.org/@types/node/-/node-8.0.17.tgz",
      "integrity": "sha512-iq0LxqG6P9GV/2bVA2AQAQ58NvneLdVDVs9dJ+88Jk6gDK9opNC0SushdYqlAyvxo0dk0NJjTKCenq/l3AKtuA==",
      "dev": true
    }
  }
}
